
Microsoft Visual Studio Solution File, Format Version 12.00
# Visual Studio Version 16
VisualStudioVersion = 16.0.30104.148
MinimumVisualStudioVersion = 10.0.40219.1
Project("{8BC9CEB8-8B4A-11D0-8D11-00A0C91BC942}") = "Chapter5Exe", "Chapter5Exe.vcxproj", "{42A5DE83-4D48-4A71-82BF-5655DC77A3DD}"
EndProject
Project("{8BC9CEB8-8B4A-11D0-8D11-00A0C91BC942}") = "Sec1Exe1WannaPass", "Sec1Exe1WannaPass\Sec1Exe1WannaPass.vcxproj", "{6B827CB5-A851-4F57-8747-75830E815470}"
EndProject
Project("{8BC9CEB8-8B4A-11D0-8D11-00A0C91BC942}") = "Sec1Exe2DigitalBlackHole", "Sec1Exe2DigitalBlackHole\Sec1Exe2DigitalBlackHole.vcxproj", "{77C35D0A-D29B-4979-9710-E0D982B9CD4F}"
EndProject
Project("{8BC9CEB8-8B4A-11D0-8D11-00A0C91BC942}") = "Sec1Exe3SumOfFragment", "Sec1Exe3SumOfFragment\Sec1Exe3SumOfFragment.vcxproj", "{D975C712-5146-4B6F-B30D-99781EF2433A}"
EndProject
Project("{8BC9CEB8-8B4A-11D0-8D11-00A0C91BC942}") = "Sec1Exe4Elevator", "Sec1Exe4Elevator\Sec1Exe4Elevator.vcxproj", "{696BE560-1F16-422F-BCC0-0A1EEEFFBC89}"
EndProject
Project("{8BC9CEB8-8B4A-11D0-8D11-00A0C91BC942}") = "Sec1Exe5CountingOnes", "Sec1Exe5CountingOnes\Sec1Exe5CountingOnes.vcxproj", "{E16E3C11-F21A-4E1C-9302-8F8CD4367DCA}"
EndProject
Project("{8BC9CEB8-8B4A-11D0-8D11-00A0C91BC942}") = "Sec2Exe1RotateRight", "Sec2Exe1RotateRight\Sec2Exe1RotateRight.vcxproj", "{79B87A9B-B822-4D73-8ED5-A35277F71128}"
EndProject
Project("{8BC9CEB8-8B4A-11D0-8D11-00A0C91BC942}") = "Sec3Exe1RationalSum", "Sec3Exe1RationalSum\Sec3Exe1RationalSum.vcxproj", "{19138E0E-AB1D-45DB-B406-B30E57045D88}"
EndProject
Project("{8BC9CEB8-8B4A-11D0-8D11-00A0C91BC942}") = "Sec3Exe2Arithmetic", "Sec3Exe2Arithmetic\Sec3Exe2Arithmetic.vcxproj", "{BFD180BF-5147-47F7-9DC0-BE3DB3694DE3}"
EndProject
Project("{8BC9CEB8-8B4A-11D0-8D11-00A0C91BC942}") = "Sec4Exe1TwinPrimeConjecture", "Sec4Exe1TwinPrimeConjecture\Sec4Exe1TwinPrimeConjecture.vcxproj", "{BDD3D482-40B1-4708-BBDE-3C22E184A28B}"
EndProject
Project("{8BC9CEB8-8B4A-11D0-8D11-00A0C91BC942}") = "Sec4Exe2NumberOfPrimes", "Sec4Exe2NumberOfPrimes\Sec4Exe2NumberOfPrimes.vcxproj", "{3DEAE4D2-2D9C-4A1E-9242-D1B46556E792}"
EndProject
Project("{8BC9CEB8-8B4A-11D0-8D11-00A0C91BC942}") = "Sec4Exe3ReversiblePrimes", "Sec4Exe3ReversiblePrimes\Sec4Exe3ReversiblePrimes.vcxproj", "{E3F60939-957A-4D45-BBEF-27FF7E2DBA03}"
EndProject
Project("{8BC9CEB8-8B4A-11D0-8D11-00A0C91BC942}") = "Sec4Exe4Hashing", "Sec4Exe4Hashing\Sec4Exe4Hashing.vcxproj", "{264BFD55-5BD6-4AF9-9E6C-C0136E6AB5F7}"
EndProject
Project("{8BC9CEB8-8B4A-11D0-8D11-00A0C91BC942}") = "Sec5Exe2PrimeFactors", "Sec5Exe2PrimeFactors\Sec5Exe2PrimeFactors.vcxproj", "{2B40594A-732B-4727-803E-93374C449816}"
EndProject
Project("{8BC9CEB8-8B4A-11D0-8D11-00A0C91BC942}") = "Sec5Exe1ConsecutiveFactors", "Sec5Exe1ConsecutiveFactors\Sec5Exe1ConsecutiveFactors.vcxproj", "{DE5709D8-4187-426F-A21B-98DE8AE4C6FA}"
EndProject
Global
	GlobalSection(SolutionConfigurationPlatforms) = preSolution
		Debug|x64 = Debug|x64
		Debug|x86 = Debug|x86
		Release|x64 = Release|x64
		Release|x86 = Release|x86
	EndGlobalSection
	GlobalSection(ProjectConfigurationPlatforms) = postSolution
		{42A5DE83-4D48-4A71-82BF-5655DC77A3DD}.Debug|x64.ActiveCfg = Debug|x64
		{42A5DE83-4D48-4A71-82BF-5655DC77A3DD}.Debug|x64.Build.0 = Debug|x64
		{42A5DE83-4D48-4A71-82BF-5655DC77A3DD}.Debug|x86.ActiveCfg = Debug|Win32
		{42A5DE83-4D48-4A71-82BF-5655DC77A3DD}.Debug|x86.Build.0 = Debug|Win32
		{42A5DE83-4D48-4A71-82BF-5655DC77A3DD}.Release|x64.ActiveCfg = Release|x64
		{42A5DE83-4D48-4A71-82BF-5655DC77A3DD}.Release|x64.Build.0 = Release|x64
		{42A5DE83-4D48-4A71-82BF-5655DC77A3DD}.Release|x86.ActiveCfg = Release|Win32
		{42A5DE83-4D48-4A71-82BF-5655DC77A3DD}.Release|x86.Build.0 = Release|Win32
		{6B827CB5-A851-4F57-8747-75830E815470}.Debug|x64.ActiveCfg = Debug|x64
		{6B827CB5-A851-4F57-8747-75830E815470}.Debug|x64.Build.0 = Debug|x64
		{6B827CB5-A851-4F57-8747-75830E815470}.Debug|x86.ActiveCfg = Debug|Win32
		{6B827CB5-A851-4F57-8747-75830E815470}.Debug|x86.Build.0 = Debug|Win32
		{6B827CB5-A851-4F57-8747-75830E815470}.Release|x64.ActiveCfg = Release|x64
		{6B827CB5-A851-4F57-8747-75830E815470}.Release|x64.Build.0 = Release|x64
		{6B827CB5-A851-4F57-8747-75830E815470}.Release|x86.ActiveCfg = Release|Win32
		{6B827CB5-A851-4F57-8747-75830E815470}.Release|x86.Build.0 = Release|Win32
		{77C35D0A-D29B-4979-9710-E0D982B9CD4F}.Debug|x64.ActiveCfg = Debug|x64
		{77C35D0A-D29B-4979-9710-E0D982B9CD4F}.Debug|x64.Build.0 = Debug|x64
		{77C35D0A-D29B-4979-9710-E0D982B9CD4F}.Debug|x86.ActiveCfg = Debug|Win32
		{77C35D0A-D29B-4979-9710-E0D982B9CD4F}.Debug|x86.Build.0 = Debug|Win32
		{77C35D0A-D29B-4979-9710-E0D982B9CD4F}.Release|x64.ActiveCfg = Release|x64
		{77C35D0A-D29B-4979-9710-E0D982B9CD4F}.Release|x64.Build.0 = Release|x64
		{77C35D0A-D29B-4979-9710-E0D982B9CD4F}.Release|x86.ActiveCfg = Release|Win32
		{77C35D0A-D29B-4979-9710-E0D982B9CD4F}.Release|x86.Build.0 = Release|Win32
		{D975C712-5146-4B6F-B30D-99781EF2433A}.Debug|x64.ActiveCfg = Debug|x64
		{D975C712-5146-4B6F-B30D-99781EF2433A}.Debug|x64.Build.0 = Debug|x64
		{D975C712-5146-4B6F-B30D-99781EF2433A}.Debug|x86.ActiveCfg = Debug|Win32
		{D975C712-5146-4B6F-B30D-99781EF2433A}.Debug|x86.Build.0 = Debug|Win32
		{D975C712-5146-4B6F-B30D-99781EF2433A}.Release|x64.ActiveCfg = Release|x64
		{D975C712-5146-4B6F-B30D-99781EF2433A}.Release|x64.Build.0 = Release|x64
		{D975C712-5146-4B6F-B30D-99781EF2433A}.Release|x86.ActiveCfg = Release|Win32
		{D975C712-5146-4B6F-B30D-99781EF2433A}.Release|x86.Build.0 = Release|Win32
		{696BE560-1F16-422F-BCC0-0A1EEEFFBC89}.Debug|x64.ActiveCfg = Debug|x64
		{696BE560-1F16-422F-BCC0-0A1EEEFFBC89}.Debug|x64.Build.0 = Debug|x64
		{696BE560-1F16-422F-BCC0-0A1EEEFFBC89}.Debug|x86.ActiveCfg = Debug|Win32
		{696BE560-1F16-422F-BCC0-0A1EEEFFBC89}.Debug|x86.Build.0 = Debug|Win32
		{696BE560-1F16-422F-BCC0-0A1EEEFFBC89}.Release|x64.ActiveCfg = Release|x64
		{696BE560-1F16-422F-BCC0-0A1EEEFFBC89}.Release|x64.Build.0 = Release|x64
		{696BE560-1F16-422F-BCC0-0A1EEEFFBC89}.Release|x86.ActiveCfg = Release|Win32
		{696BE560-1F16-422F-BCC0-0A1EEEFFBC89}.Release|x86.Build.0 = Release|Win32
		{E16E3C11-F21A-4E1C-9302-8F8CD4367DCA}.Debug|x64.ActiveCfg = Debug|x64
		{E16E3C11-F21A-4E1C-9302-8F8CD4367DCA}.Debug|x64.Build.0 = Debug|x64
		{E16E3C11-F21A-4E1C-9302-8F8CD4367DCA}.Debug|x86.ActiveCfg = Debug|Win32
		{E16E3C11-F21A-4E1C-9302-8F8CD4367DCA}.Debug|x86.Build.0 = Debug|Win32
		{E16E3C11-F21A-4E1C-9302-8F8CD4367DCA}.Release|x64.ActiveCfg = Release|x64
		{E16E3C11-F21A-4E1C-9302-8F8CD4367DCA}.Release|x64.Build.0 = Release|x64
		{E16E3C11-F21A-4E1C-9302-8F8CD4367DCA}.Release|x86.ActiveCfg = Release|Win32
		{E16E3C11-F21A-4E1C-9302-8F8CD4367DCA}.Release|x86.Build.0 = Release|Win32
		{79B87A9B-B822-4D73-8ED5-A35277F71128}.Debug|x64.ActiveCfg = Debug|x64
		{79B87A9B-B822-4D73-8ED5-A35277F71128}.Debug|x64.Build.0 = Debug|x64
		{79B87A9B-B822-4D73-8ED5-A35277F71128}.Debug|x86.ActiveCfg = Debug|Win32
		{79B87A9B-B822-4D73-8ED5-A35277F71128}.Debug|x86.Build.0 = Debug|Win32
		{79B87A9B-B822-4D73-8ED5-A35277F71128}.Release|x64.ActiveCfg = Release|x64
		{79B87A9B-B822-4D73-8ED5-A35277F71128}.Release|x64.Build.0 = Release|x64
		{79B87A9B-B822-4D73-8ED5-A35277F71128}.Release|x86.ActiveCfg = Release|Win32
		{79B87A9B-B822-4D73-8ED5-A35277F71128}.Release|x86.Build.0 = Release|Win32
		{19138E0E-AB1D-45DB-B406-B30E57045D88}.Debug|x64.ActiveCfg = Debug|x64
		{19138E0E-AB1D-45DB-B406-B30E57045D88}.Debug|x64.Build.0 = Debug|x64
		{19138E0E-AB1D-45DB-B406-B30E57045D88}.Debug|x86.ActiveCfg = Debug|Win32
		{19138E0E-AB1D-45DB-B406-B30E57045D88}.Debug|x86.Build.0 = Debug|Win32
		{19138E0E-AB1D-45DB-B406-B30E57045D88}.Release|x64.ActiveCfg = Release|x64
		{19138E0E-AB1D-45DB-B406-B30E57045D88}.Release|x64.Build.0 = Release|x64
		{19138E0E-AB1D-45DB-B406-B30E57045D88}.Release|x86.ActiveCfg = Release|Win32
		{19138E0E-AB1D-45DB-B406-B30E57045D88}.Release|x86.Build.0 = Release|Win32
		{BFD180BF-5147-47F7-9DC0-BE3DB3694DE3}.Debug|x64.ActiveCfg = Debug|x64
		{BFD180BF-5147-47F7-9DC0-BE3DB3694DE3}.Debug|x64.Build.0 = Debug|x64
		{BFD180BF-5147-47F7-9DC0-BE3DB3694DE3}.Debug|x86.ActiveCfg = Debug|Win32
		{BFD180BF-5147-47F7-9DC0-BE3DB3694DE3}.Debug|x86.Build.0 = Debug|Win32
		{BFD180BF-5147-47F7-9DC0-BE3DB3694DE3}.Release|x64.ActiveCfg = Release|x64
		{BFD180BF-5147-47F7-9DC0-BE3DB3694DE3}.Release|x64.Build.0 = Release|x64
		{BFD180BF-5147-47F7-9DC0-BE3DB3694DE3}.Release|x86.ActiveCfg = Release|Win32
		{BFD180BF-5147-47F7-9DC0-BE3DB3694DE3}.Release|x86.Build.0 = Release|Win32
		{BDD3D482-40B1-4708-BBDE-3C22E184A28B}.Debug|x64.ActiveCfg = Debug|x64
		{BDD3D482-40B1-4708-BBDE-3C22E184A28B}.Debug|x64.Build.0 = Debug|x64
		{BDD3D482-40B1-4708-BBDE-3C22E184A28B}.Debug|x86.ActiveCfg = Debug|Win32
		{BDD3D482-40B1-4708-BBDE-3C22E184A28B}.Debug|x86.Build.0 = Debug|Win32
		{BDD3D482-40B1-4708-BBDE-3C22E184A28B}.Release|x64.ActiveCfg = Release|x64
		{BDD3D482-40B1-4708-BBDE-3C22E184A28B}.Release|x64.Build.0 = Release|x64
		{BDD3D482-40B1-4708-BBDE-3C22E184A28B}.Release|x86.ActiveCfg = Release|Win32
		{BDD3D482-40B1-4708-BBDE-3C22E184A28B}.Release|x86.Build.0 = Release|Win32
		{3DEAE4D2-2D9C-4A1E-9242-D1B46556E792}.Debug|x64.ActiveCfg = Debug|x64
		{3DEAE4D2-2D9C-4A1E-9242-D1B46556E792}.Debug|x64.Build.0 = Debug|x64
		{3DEAE4D2-2D9C-4A1E-9242-D1B46556E792}.Debug|x86.ActiveCfg = Debug|Win32
		{3DEAE4D2-2D9C-4A1E-9242-D1B46556E792}.Debug|x86.Build.0 = Debug|Win32
		{3DEAE4D2-2D9C-4A1E-9242-D1B46556E792}.Release|x64.ActiveCfg = Release|x64
		{3DEAE4D2-2D9C-4A1E-9242-D1B46556E792}.Release|x64.Build.0 = Release|x64
		{3DEAE4D2-2D9C-4A1E-9242-D1B46556E792}.Release|x86.ActiveCfg = Release|Win32
		{3DEAE4D2-2D9C-4A1E-9242-D1B46556E792}.Release|x86.Build.0 = Release|Win32
		{E3F60939-957A-4D45-BBEF-27FF7E2DBA03}.Debug|x64.ActiveCfg = Debug|x64
		{E3F60939-957A-4D45-BBEF-27FF7E2DBA03}.Debug|x64.Build.0 = Debug|x64
		{E3F60939-957A-4D45-BBEF-27FF7E2DBA03}.Debug|x86.ActiveCfg = Debug|Win32
		{E3F60939-957A-4D45-BBEF-27FF7E2DBA03}.Debug|x86.Build.0 = Debug|Win32
		{E3F60939-957A-4D45-BBEF-27FF7E2DBA03}.Release|x64.ActiveCfg = Release|x64
		{E3F60939-957A-4D45-BBEF-27FF7E2DBA03}.Release|x64.Build.0 = Release|x64
		{E3F60939-957A-4D45-BBEF-27FF7E2DBA03}.Release|x86.ActiveCfg = Release|Win32
		{E3F60939-957A-4D45-BBEF-27FF7E2DBA03}.Release|x86.Build.0 = Release|Win32
		{264BFD55-5BD6-4AF9-9E6C-C0136E6AB5F7}.Debug|x64.ActiveCfg = Debug|x64
		{264BFD55-5BD6-4AF9-9E6C-C0136E6AB5F7}.Debug|x64.Build.0 = Debug|x64
		{264BFD55-5BD6-4AF9-9E6C-C0136E6AB5F7}.Debug|x86.ActiveCfg = Debug|Win32
		{264BFD55-5BD6-4AF9-9E6C-C0136E6AB5F7}.Debug|x86.Build.0 = Debug|Win32
		{264BFD55-5BD6-4AF9-9E6C-C0136E6AB5F7}.Release|x64.ActiveCfg = Release|x64
		{264BFD55-5BD6-4AF9-9E6C-C0136E6AB5F7}.Release|x64.Build.0 = Release|x64
		{264BFD55-5BD6-4AF9-9E6C-C0136E6AB5F7}.Release|x86.ActiveCfg = Release|Win32
		{264BFD55-5BD6-4AF9-9E6C-C0136E6AB5F7}.Release|x86.Build.0 = Release|Win32
		{2B40594A-732B-4727-803E-93374C449816}.Debug|x64.ActiveCfg = Debug|x64
		{2B40594A-732B-4727-803E-93374C449816}.Debug|x64.Build.0 = Debug|x64
		{2B40594A-732B-4727-803E-93374C449816}.Debug|x86.ActiveCfg = Debug|Win32
		{2B40594A-732B-4727-803E-93374C449816}.Debug|x86.Build.0 = Debug|Win32
		{2B40594A-732B-4727-803E-93374C449816}.Release|x64.ActiveCfg = Release|x64
		{2B40594A-732B-4727-803E-93374C449816}.Release|x64.Build.0 = Release|x64
		{2B40594A-732B-4727-803E-93374C449816}.Release|x86.ActiveCfg = Release|Win32
		{2B40594A-732B-4727-803E-93374C449816}.Release|x86.Build.0 = Release|Win32
		{DE5709D8-4187-426F-A21B-98DE8AE4C6FA}.Debug|x64.ActiveCfg = Debug|x64
		{DE5709D8-4187-426F-A21B-98DE8AE4C6FA}.Debug|x64.Build.0 = Debug|x64
		{DE5709D8-4187-426F-A21B-98DE8AE4C6FA}.Debug|x86.ActiveCfg = Debug|Win32
		{DE5709D8-4187-426F-A21B-98DE8AE4C6FA}.Debug|x86.Build.0 = Debug|Win32
		{DE5709D8-4187-426F-A21B-98DE8AE4C6FA}.Release|x64.ActiveCfg = Release|x64
		{DE5709D8-4187-426F-A21B-98DE8AE4C6FA}.Release|x64.Build.0 = Release|x64
		{DE5709D8-4187-426F-A21B-98DE8AE4C6FA}.Release|x86.ActiveCfg = Release|Win32
		{DE5709D8-4187-426F-A21B-98DE8AE4C6FA}.Release|x86.Build.0 = Release|Win32
	EndGlobalSection
	GlobalSection(SolutionProperties) = preSolution
		HideSolutionNode = FALSE
	EndGlobalSection
	GlobalSection(ExtensibilityGlobals) = postSolution
		SolutionGuid = {BDC40B2D-46D1-4D7F-ACE7-CED092BD9956}
	EndGlobalSection
EndGlobal
