
Microsoft Visual Studio Solution File, Format Version 12.00
# Visual Studio Version 16
VisualStudioVersion = 16.0.30104.148
MinimumVisualStudioVersion = 10.0.40219.1
Project("{8BC9CEB8-8B4A-11D0-8D11-00A0C91BC942}") = "Chapter5Exe", "Chapter5Exe.vcxproj", "{42A5DE83-4D48-4A71-82BF-5655DC77A3DD}"
EndProject
Project("{8BC9CEB8-8B4A-11D0-8D11-00A0C91BC942}") = "Sec1Exe1WannaPass", "Sec1Exe1WannaPass\Sec1Exe1WannaPass.vcxproj", "{6B827CB5-A851-4F57-8747-75830E815470}"
EndProject
Project("{8BC9CEB8-8B4A-11D0-8D11-00A0C91BC942}") = "Sec1Exe2DigitalBlackHole", "Sec1Exe2DigitalBlackHole\Sec1Exe2DigitalBlackHole.vcxproj", "{77C35D0A-D29B-4979-9710-E0D982B9CD4F}"
EndProject
Project("{8BC9CEB8-8B4A-11D0-8D11-00A0C91BC942}") = "Sec1Exe3SumOfFragment", "Sec1Exe3SumOfFragment\Sec1Exe3SumOfFragment.vcxproj", "{D975C712-5146-4B6F-B30D-99781EF2433A}"
EndProject
Global
	GlobalSection(SolutionConfigurationPlatforms) = preSolution
		Debug|x64 = Debug|x64
		Debug|x86 = Debug|x86
		Release|x64 = Release|x64
		Release|x86 = Release|x86
	EndGlobalSection
	GlobalSection(ProjectConfigurationPlatforms) = postSolution
		{42A5DE83-4D48-4A71-82BF-5655DC77A3DD}.Debug|x64.ActiveCfg = Debug|x64
		{42A5DE83-4D48-4A71-82BF-5655DC77A3DD}.Debug|x64.Build.0 = Debug|x64
		{42A5DE83-4D48-4A71-82BF-5655DC77A3DD}.Debug|x86.ActiveCfg = Debug|Win32
		{42A5DE83-4D48-4A71-82BF-5655DC77A3DD}.Debug|x86.Build.0 = Debug|Win32
		{42A5DE83-4D48-4A71-82BF-5655DC77A3DD}.Release|x64.ActiveCfg = Release|x64
		{42A5DE83-4D48-4A71-82BF-5655DC77A3DD}.Release|x64.Build.0 = Release|x64
		{42A5DE83-4D48-4A71-82BF-5655DC77A3DD}.Release|x86.ActiveCfg = Release|Win32
		{42A5DE83-4D48-4A71-82BF-5655DC77A3DD}.Release|x86.Build.0 = Release|Win32
		{6B827CB5-A851-4F57-8747-75830E815470}.Debug|x64.ActiveCfg = Debug|x64
		{6B827CB5-A851-4F57-8747-75830E815470}.Debug|x64.Build.0 = Debug|x64
		{6B827CB5-A851-4F57-8747-75830E815470}.Debug|x86.ActiveCfg = Debug|Win32
		{6B827CB5-A851-4F57-8747-75830E815470}.Debug|x86.Build.0 = Debug|Win32
		{6B827CB5-A851-4F57-8747-75830E815470}.Release|x64.ActiveCfg = Release|x64
		{6B827CB5-A851-4F57-8747-75830E815470}.Release|x64.Build.0 = Release|x64
		{6B827CB5-A851-4F57-8747-75830E815470}.Release|x86.ActiveCfg = Release|Win32
		{6B827CB5-A851-4F57-8747-75830E815470}.Release|x86.Build.0 = Release|Win32
		{77C35D0A-D29B-4979-9710-E0D982B9CD4F}.Debug|x64.ActiveCfg = Debug|x64
		{77C35D0A-D29B-4979-9710-E0D982B9CD4F}.Debug|x64.Build.0 = Debug|x64
		{77C35D0A-D29B-4979-9710-E0D982B9CD4F}.Debug|x86.ActiveCfg = Debug|Win32
		{77C35D0A-D29B-4979-9710-E0D982B9CD4F}.Debug|x86.Build.0 = Debug|Win32
		{77C35D0A-D29B-4979-9710-E0D982B9CD4F}.Release|x64.ActiveCfg = Release|x64
		{77C35D0A-D29B-4979-9710-E0D982B9CD4F}.Release|x64.Build.0 = Release|x64
		{77C35D0A-D29B-4979-9710-E0D982B9CD4F}.Release|x86.ActiveCfg = Release|Win32
		{77C35D0A-D29B-4979-9710-E0D982B9CD4F}.Release|x86.Build.0 = Release|Win32
		{D975C712-5146-4B6F-B30D-99781EF2433A}.Debug|x64.ActiveCfg = Debug|x64
		{D975C712-5146-4B6F-B30D-99781EF2433A}.Debug|x64.Build.0 = Debug|x64
		{D975C712-5146-4B6F-B30D-99781EF2433A}.Debug|x86.ActiveCfg = Debug|Win32
		{D975C712-5146-4B6F-B30D-99781EF2433A}.Debug|x86.Build.0 = Debug|Win32
		{D975C712-5146-4B6F-B30D-99781EF2433A}.Release|x64.ActiveCfg = Release|x64
		{D975C712-5146-4B6F-B30D-99781EF2433A}.Release|x64.Build.0 = Release|x64
		{D975C712-5146-4B6F-B30D-99781EF2433A}.Release|x86.ActiveCfg = Release|Win32
		{D975C712-5146-4B6F-B30D-99781EF2433A}.Release|x86.Build.0 = Release|Win32
	EndGlobalSection
	GlobalSection(SolutionProperties) = preSolution
		HideSolutionNode = FALSE
	EndGlobalSection
	GlobalSection(ExtensibilityGlobals) = postSolution
		SolutionGuid = {BDC40B2D-46D1-4D7F-ACE7-CED092BD9956}
	EndGlobalSection
EndGlobal
