
Microsoft Visual Studio Solution File, Format Version 12.00
# Visual Studio Version 16
VisualStudioVersion = 16.0.30104.148
MinimumVisualStudioVersion = 10.0.40219.1
Project("{8BC9CEB8-8B4A-11D0-8D11-00A0C91BC942}") = "Chapter4", "Chapter4.vcxproj", "{EF4E8538-D4A5-4CA4-B41B-259F7A46F50B}"
EndProject
Project("{8BC9CEB8-8B4A-11D0-8D11-00A0C91BC942}") = "Sec4Exa01A1025", "Sec4Exa1A1025\Sec4Exa1A1025.vcxproj", "{59BCC791-E8A7-495A-A1F9-21BDBD47F2C5}"
EndProject
Project("{8BC9CEB8-8B4A-11D0-8D11-00A0C91BC942}") = "Sec4Exa2Hash", "Sec4Exa2Hash\Sec4Exa2Hash.vcxproj", "{7D5D7E8F-9325-4426-8172-1544EE8A525A}"
EndProject
Project("{8BC9CEB8-8B4A-11D0-8D11-00A0C91BC942}") = "Sec4Exa3FullPermutation", "Sec4Exa3FullPermutation\Sec4Exa3FullPermutation.vcxproj", "{10D03BB7-489E-44ED-AABD-81D21B0ECBC8}"
EndProject
Project("{8BC9CEB8-8B4A-11D0-8D11-00A0C91BC942}") = "Sec4Exa4NQueen", "Sec4Exa4NQueen\Sec4Exa4NQueen.vcxproj", "{AB6B045E-2EF6-49FA-8E93-F716885CE4E5}"
EndProject
Project("{8BC9CEB8-8B4A-11D0-8D11-00A0C91BC942}") = "Sec4Exa5MoonCake", "Sec4Exa5MoonCake\Sec4Exa5MoonCake.vcxproj", "{029A7001-1F0A-42FE-ACC5-078B77B487F1}"
EndProject
Project("{8BC9CEB8-8B4A-11D0-8D11-00A0C91BC942}") = "Sec4Exa6MinNum", "Sec4Exa6MinNum\Sec4Exa6MinNum.vcxproj", "{FDF5C789-B2E1-4AF6-BF75-B5B36C311929}"
EndProject
Project("{8BC9CEB8-8B4A-11D0-8D11-00A0C91BC942}") = "Sec4Exa7NOpenInterval", "Sec4Exa7NOpenInterval\Sec4Exa7NOpenInterval.vcxproj", "{C23DF221-F8D0-4CB4-8B82-37AE03AA5225}"
EndProject
Project("{8BC9CEB8-8B4A-11D0-8D11-00A0C91BC942}") = "Sec5Exa8GuessNumber", "Sec5Exa8GuessNumber\Sec5Exa8GuessNumber.vcxproj", "{731E2C8E-DC3F-4EE2-B7E8-F335D4F5166B}"
EndProject
Project("{8BC9CEB8-8B4A-11D0-8D11-00A0C91BC942}") = "Sec5Exa9FindtheFirstNumber", "Sec5Exa9FindtheFirstNumber\Sec5Exa9FindtheFirstNumber.vcxproj", "{10548C4B-BE9F-448D-9455-E206D7E7D8CE}"
EndProject
Project("{8BC9CEB8-8B4A-11D0-8D11-00A0C91BC942}") = "Sec5Exa10ApproximateValue", "Sec5Exa10ApproximateValue\Sec5Exa10ApproximateValue.vcxproj", "{EB6918C3-98AF-4213-9E68-E09307C1D0A5}"
EndProject
Global
	GlobalSection(SolutionConfigurationPlatforms) = preSolution
		Debug|x64 = Debug|x64
		Debug|x86 = Debug|x86
		Release|x64 = Release|x64
		Release|x86 = Release|x86
	EndGlobalSection
	GlobalSection(ProjectConfigurationPlatforms) = postSolution
		{EF4E8538-D4A5-4CA4-B41B-259F7A46F50B}.Debug|x64.ActiveCfg = Debug|x64
		{EF4E8538-D4A5-4CA4-B41B-259F7A46F50B}.Debug|x64.Build.0 = Debug|x64
		{EF4E8538-D4A5-4CA4-B41B-259F7A46F50B}.Debug|x86.ActiveCfg = Debug|Win32
		{EF4E8538-D4A5-4CA4-B41B-259F7A46F50B}.Debug|x86.Build.0 = Debug|Win32
		{EF4E8538-D4A5-4CA4-B41B-259F7A46F50B}.Release|x64.ActiveCfg = Release|x64
		{EF4E8538-D4A5-4CA4-B41B-259F7A46F50B}.Release|x64.Build.0 = Release|x64
		{EF4E8538-D4A5-4CA4-B41B-259F7A46F50B}.Release|x86.ActiveCfg = Release|Win32
		{EF4E8538-D4A5-4CA4-B41B-259F7A46F50B}.Release|x86.Build.0 = Release|Win32
		{59BCC791-E8A7-495A-A1F9-21BDBD47F2C5}.Debug|x64.ActiveCfg = Debug|x64
		{59BCC791-E8A7-495A-A1F9-21BDBD47F2C5}.Debug|x64.Build.0 = Debug|x64
		{59BCC791-E8A7-495A-A1F9-21BDBD47F2C5}.Debug|x86.ActiveCfg = Debug|Win32
		{59BCC791-E8A7-495A-A1F9-21BDBD47F2C5}.Debug|x86.Build.0 = Debug|Win32
		{59BCC791-E8A7-495A-A1F9-21BDBD47F2C5}.Release|x64.ActiveCfg = Release|x64
		{59BCC791-E8A7-495A-A1F9-21BDBD47F2C5}.Release|x64.Build.0 = Release|x64
		{59BCC791-E8A7-495A-A1F9-21BDBD47F2C5}.Release|x86.ActiveCfg = Release|Win32
		{59BCC791-E8A7-495A-A1F9-21BDBD47F2C5}.Release|x86.Build.0 = Release|Win32
		{7D5D7E8F-9325-4426-8172-1544EE8A525A}.Debug|x64.ActiveCfg = Debug|x64
		{7D5D7E8F-9325-4426-8172-1544EE8A525A}.Debug|x64.Build.0 = Debug|x64
		{7D5D7E8F-9325-4426-8172-1544EE8A525A}.Debug|x86.ActiveCfg = Debug|Win32
		{7D5D7E8F-9325-4426-8172-1544EE8A525A}.Debug|x86.Build.0 = Debug|Win32
		{7D5D7E8F-9325-4426-8172-1544EE8A525A}.Release|x64.ActiveCfg = Release|x64
		{7D5D7E8F-9325-4426-8172-1544EE8A525A}.Release|x64.Build.0 = Release|x64
		{7D5D7E8F-9325-4426-8172-1544EE8A525A}.Release|x86.ActiveCfg = Release|Win32
		{7D5D7E8F-9325-4426-8172-1544EE8A525A}.Release|x86.Build.0 = Release|Win32
		{10D03BB7-489E-44ED-AABD-81D21B0ECBC8}.Debug|x64.ActiveCfg = Debug|x64
		{10D03BB7-489E-44ED-AABD-81D21B0ECBC8}.Debug|x64.Build.0 = Debug|x64
		{10D03BB7-489E-44ED-AABD-81D21B0ECBC8}.Debug|x86.ActiveCfg = Debug|Win32
		{10D03BB7-489E-44ED-AABD-81D21B0ECBC8}.Debug|x86.Build.0 = Debug|Win32
		{10D03BB7-489E-44ED-AABD-81D21B0ECBC8}.Release|x64.ActiveCfg = Release|x64
		{10D03BB7-489E-44ED-AABD-81D21B0ECBC8}.Release|x64.Build.0 = Release|x64
		{10D03BB7-489E-44ED-AABD-81D21B0ECBC8}.Release|x86.ActiveCfg = Release|Win32
		{10D03BB7-489E-44ED-AABD-81D21B0ECBC8}.Release|x86.Build.0 = Release|Win32
		{AB6B045E-2EF6-49FA-8E93-F716885CE4E5}.Debug|x64.ActiveCfg = Debug|x64
		{AB6B045E-2EF6-49FA-8E93-F716885CE4E5}.Debug|x64.Build.0 = Debug|x64
		{AB6B045E-2EF6-49FA-8E93-F716885CE4E5}.Debug|x86.ActiveCfg = Debug|Win32
		{AB6B045E-2EF6-49FA-8E93-F716885CE4E5}.Debug|x86.Build.0 = Debug|Win32
		{AB6B045E-2EF6-49FA-8E93-F716885CE4E5}.Release|x64.ActiveCfg = Release|x64
		{AB6B045E-2EF6-49FA-8E93-F716885CE4E5}.Release|x64.Build.0 = Release|x64
		{AB6B045E-2EF6-49FA-8E93-F716885CE4E5}.Release|x86.ActiveCfg = Release|Win32
		{AB6B045E-2EF6-49FA-8E93-F716885CE4E5}.Release|x86.Build.0 = Release|Win32
		{029A7001-1F0A-42FE-ACC5-078B77B487F1}.Debug|x64.ActiveCfg = Debug|x64
		{029A7001-1F0A-42FE-ACC5-078B77B487F1}.Debug|x64.Build.0 = Debug|x64
		{029A7001-1F0A-42FE-ACC5-078B77B487F1}.Debug|x86.ActiveCfg = Debug|Win32
		{029A7001-1F0A-42FE-ACC5-078B77B487F1}.Debug|x86.Build.0 = Debug|Win32
		{029A7001-1F0A-42FE-ACC5-078B77B487F1}.Release|x64.ActiveCfg = Release|x64
		{029A7001-1F0A-42FE-ACC5-078B77B487F1}.Release|x64.Build.0 = Release|x64
		{029A7001-1F0A-42FE-ACC5-078B77B487F1}.Release|x86.ActiveCfg = Release|Win32
		{029A7001-1F0A-42FE-ACC5-078B77B487F1}.Release|x86.Build.0 = Release|Win32
		{FDF5C789-B2E1-4AF6-BF75-B5B36C311929}.Debug|x64.ActiveCfg = Debug|x64
		{FDF5C789-B2E1-4AF6-BF75-B5B36C311929}.Debug|x64.Build.0 = Debug|x64
		{FDF5C789-B2E1-4AF6-BF75-B5B36C311929}.Debug|x86.ActiveCfg = Debug|Win32
		{FDF5C789-B2E1-4AF6-BF75-B5B36C311929}.Debug|x86.Build.0 = Debug|Win32
		{FDF5C789-B2E1-4AF6-BF75-B5B36C311929}.Release|x64.ActiveCfg = Release|x64
		{FDF5C789-B2E1-4AF6-BF75-B5B36C311929}.Release|x64.Build.0 = Release|x64
		{FDF5C789-B2E1-4AF6-BF75-B5B36C311929}.Release|x86.ActiveCfg = Release|Win32
		{FDF5C789-B2E1-4AF6-BF75-B5B36C311929}.Release|x86.Build.0 = Release|Win32
		{C23DF221-F8D0-4CB4-8B82-37AE03AA5225}.Debug|x64.ActiveCfg = Debug|x64
		{C23DF221-F8D0-4CB4-8B82-37AE03AA5225}.Debug|x64.Build.0 = Debug|x64
		{C23DF221-F8D0-4CB4-8B82-37AE03AA5225}.Debug|x86.ActiveCfg = Debug|Win32
		{C23DF221-F8D0-4CB4-8B82-37AE03AA5225}.Debug|x86.Build.0 = Debug|Win32
		{C23DF221-F8D0-4CB4-8B82-37AE03AA5225}.Release|x64.ActiveCfg = Release|x64
		{C23DF221-F8D0-4CB4-8B82-37AE03AA5225}.Release|x64.Build.0 = Release|x64
		{C23DF221-F8D0-4CB4-8B82-37AE03AA5225}.Release|x86.ActiveCfg = Release|Win32
		{C23DF221-F8D0-4CB4-8B82-37AE03AA5225}.Release|x86.Build.0 = Release|Win32
		{731E2C8E-DC3F-4EE2-B7E8-F335D4F5166B}.Debug|x64.ActiveCfg = Debug|x64
		{731E2C8E-DC3F-4EE2-B7E8-F335D4F5166B}.Debug|x64.Build.0 = Debug|x64
		{731E2C8E-DC3F-4EE2-B7E8-F335D4F5166B}.Debug|x86.ActiveCfg = Debug|Win32
		{731E2C8E-DC3F-4EE2-B7E8-F335D4F5166B}.Debug|x86.Build.0 = Debug|Win32
		{731E2C8E-DC3F-4EE2-B7E8-F335D4F5166B}.Release|x64.ActiveCfg = Release|x64
		{731E2C8E-DC3F-4EE2-B7E8-F335D4F5166B}.Release|x64.Build.0 = Release|x64
		{731E2C8E-DC3F-4EE2-B7E8-F335D4F5166B}.Release|x86.ActiveCfg = Release|Win32
		{731E2C8E-DC3F-4EE2-B7E8-F335D4F5166B}.Release|x86.Build.0 = Release|Win32
		{10548C4B-BE9F-448D-9455-E206D7E7D8CE}.Debug|x64.ActiveCfg = Debug|x64
		{10548C4B-BE9F-448D-9455-E206D7E7D8CE}.Debug|x64.Build.0 = Debug|x64
		{10548C4B-BE9F-448D-9455-E206D7E7D8CE}.Debug|x86.ActiveCfg = Debug|Win32
		{10548C4B-BE9F-448D-9455-E206D7E7D8CE}.Debug|x86.Build.0 = Debug|Win32
		{10548C4B-BE9F-448D-9455-E206D7E7D8CE}.Release|x64.ActiveCfg = Release|x64
		{10548C4B-BE9F-448D-9455-E206D7E7D8CE}.Release|x64.Build.0 = Release|x64
		{10548C4B-BE9F-448D-9455-E206D7E7D8CE}.Release|x86.ActiveCfg = Release|Win32
		{10548C4B-BE9F-448D-9455-E206D7E7D8CE}.Release|x86.Build.0 = Release|Win32
		{EB6918C3-98AF-4213-9E68-E09307C1D0A5}.Debug|x64.ActiveCfg = Debug|x64
		{EB6918C3-98AF-4213-9E68-E09307C1D0A5}.Debug|x64.Build.0 = Debug|x64
		{EB6918C3-98AF-4213-9E68-E09307C1D0A5}.Debug|x86.ActiveCfg = Debug|Win32
		{EB6918C3-98AF-4213-9E68-E09307C1D0A5}.Debug|x86.Build.0 = Debug|Win32
		{EB6918C3-98AF-4213-9E68-E09307C1D0A5}.Release|x64.ActiveCfg = Release|x64
		{EB6918C3-98AF-4213-9E68-E09307C1D0A5}.Release|x64.Build.0 = Release|x64
		{EB6918C3-98AF-4213-9E68-E09307C1D0A5}.Release|x86.ActiveCfg = Release|Win32
		{EB6918C3-98AF-4213-9E68-E09307C1D0A5}.Release|x86.Build.0 = Release|Win32
	EndGlobalSection
	GlobalSection(SolutionProperties) = preSolution
		HideSolutionNode = FALSE
	EndGlobalSection
	GlobalSection(ExtensibilityGlobals) = postSolution
		SolutionGuid = {981C72DC-379B-45B6-AB6F-2714DCCB34F8}
	EndGlobalSection
EndGlobal
