
Microsoft Visual Studio Solution File, Format Version 12.00
# Visual Studio Version 16
VisualStudioVersion = 16.0.30104.148
MinimumVisualStudioVersion = 10.0.40219.1
Project("{8BC9CEB8-8B4A-11D0-8D11-00A0C91BC942}") = "Chapter10Exe", "Chapter10Exe.vcxproj", "{9DAD6754-FF43-4B4A-8BFE-87079204F15D}"
EndProject
Project("{8BC9CEB8-8B4A-11D0-8D11-00A0C91BC942}") = "Sec4Exe1Emergency", "Sec4Exe1Emergency\Sec4Exe1Emergency.vcxproj", "{6AC2165D-8BA5-4751-964B-7B3845EAA189}"
EndProject
Global
	GlobalSection(SolutionConfigurationPlatforms) = preSolution
		Debug|x64 = Debug|x64
		Debug|x86 = Debug|x86
		Release|x64 = Release|x64
		Release|x86 = Release|x86
	EndGlobalSection
	GlobalSection(ProjectConfigurationPlatforms) = postSolution
		{9DAD6754-FF43-4B4A-8BFE-87079204F15D}.Debug|x64.ActiveCfg = Debug|x64
		{9DAD6754-FF43-4B4A-8BFE-87079204F15D}.Debug|x64.Build.0 = Debug|x64
		{9DAD6754-FF43-4B4A-8BFE-87079204F15D}.Debug|x86.ActiveCfg = Debug|Win32
		{9DAD6754-FF43-4B4A-8BFE-87079204F15D}.Debug|x86.Build.0 = Debug|Win32
		{9DAD6754-FF43-4B4A-8BFE-87079204F15D}.Release|x64.ActiveCfg = Release|x64
		{9DAD6754-FF43-4B4A-8BFE-87079204F15D}.Release|x64.Build.0 = Release|x64
		{9DAD6754-FF43-4B4A-8BFE-87079204F15D}.Release|x86.ActiveCfg = Release|Win32
		{9DAD6754-FF43-4B4A-8BFE-87079204F15D}.Release|x86.Build.0 = Release|Win32
		{6AC2165D-8BA5-4751-964B-7B3845EAA189}.Debug|x64.ActiveCfg = Debug|x64
		{6AC2165D-8BA5-4751-964B-7B3845EAA189}.Debug|x64.Build.0 = Debug|x64
		{6AC2165D-8BA5-4751-964B-7B3845EAA189}.Debug|x86.ActiveCfg = Debug|Win32
		{6AC2165D-8BA5-4751-964B-7B3845EAA189}.Debug|x86.Build.0 = Debug|Win32
		{6AC2165D-8BA5-4751-964B-7B3845EAA189}.Release|x64.ActiveCfg = Release|x64
		{6AC2165D-8BA5-4751-964B-7B3845EAA189}.Release|x64.Build.0 = Release|x64
		{6AC2165D-8BA5-4751-964B-7B3845EAA189}.Release|x86.ActiveCfg = Release|Win32
		{6AC2165D-8BA5-4751-964B-7B3845EAA189}.Release|x86.Build.0 = Release|Win32
	EndGlobalSection
	GlobalSection(SolutionProperties) = preSolution
		HideSolutionNode = FALSE
	EndGlobalSection
	GlobalSection(ExtensibilityGlobals) = postSolution
		SolutionGuid = {BE2E62BF-2E12-44BB-8096-C378B97C5F90}
	EndGlobalSection
EndGlobal
