
Microsoft Visual Studio Solution File, Format Version 12.00
# Visual Studio Version 16
VisualStudioVersion = 16.0.30104.148
MinimumVisualStudioVersion = 10.0.40219.1
Project("{8BC9CEB8-8B4A-11D0-8D11-00A0C91BC942}") = "Chapter10", "Chapter10.vcxproj", "{724E0DD3-0CFC-4A86-BF36-50845B101872}"
EndProject
Project("{8BC9CEB8-8B4A-11D0-8D11-00A0C91BC942}") = "Sec3Exe1HeadOfAGang", "Sec3Exe1HeadOfAGang\Sec3Exe1HeadOfAGang.vcxproj", "{EA9CDD47-3F0C-4ED6-B491-9A87367B13A2}"
EndProject
Project("{8BC9CEB8-8B4A-11D0-8D11-00A0C91BC942}") = "Sec3Exe2ForwardsOnWeibo", "Sec3Exe2ForwardsOnWeibo\Sec3Exe2ForwardsOnWeibo.vcxproj", "{B9A5A80B-8FF4-4F6C-9B39-BA81548BBFDF}"
EndProject
Project("{8BC9CEB8-8B4A-11D0-8D11-00A0C91BC942}") = "Sec4Exe1TheShortestDistance", "Sec4Exe1TheShortestDistance\Sec4Exe1TheShortestDistance.vcxproj", "{76EB6FF9-B5BD-41F4-8A8F-4AC5507A92E1}"
EndProject
Project("{8BC9CEB8-8B4A-11D0-8D11-00A0C91BC942}") = "Sec4Exe2Emergency", "Sec4Exe2Emergency\Sec4Exe2Emergency.vcxproj", "{05626DE4-6A68-4BF3-A1DB-0DCAB7959AB3}"
EndProject
Project("{8BC9CEB8-8B4A-11D0-8D11-00A0C91BC942}") = "Sec4Exe3TravelPlan", "Sec4Exe3TravelPlan\Sec4Exe3TravelPlan.vcxproj", "{7DB68171-E711-44EB-A5A8-E39691E56F37}"
EndProject
Global
	GlobalSection(SolutionConfigurationPlatforms) = preSolution
		Debug|x64 = Debug|x64
		Debug|x86 = Debug|x86
		Release|x64 = Release|x64
		Release|x86 = Release|x86
	EndGlobalSection
	GlobalSection(ProjectConfigurationPlatforms) = postSolution
		{724E0DD3-0CFC-4A86-BF36-50845B101872}.Debug|x64.ActiveCfg = Debug|x64
		{724E0DD3-0CFC-4A86-BF36-50845B101872}.Debug|x64.Build.0 = Debug|x64
		{724E0DD3-0CFC-4A86-BF36-50845B101872}.Debug|x86.ActiveCfg = Debug|Win32
		{724E0DD3-0CFC-4A86-BF36-50845B101872}.Debug|x86.Build.0 = Debug|Win32
		{724E0DD3-0CFC-4A86-BF36-50845B101872}.Release|x64.ActiveCfg = Release|x64
		{724E0DD3-0CFC-4A86-BF36-50845B101872}.Release|x64.Build.0 = Release|x64
		{724E0DD3-0CFC-4A86-BF36-50845B101872}.Release|x86.ActiveCfg = Release|Win32
		{724E0DD3-0CFC-4A86-BF36-50845B101872}.Release|x86.Build.0 = Release|Win32
		{EA9CDD47-3F0C-4ED6-B491-9A87367B13A2}.Debug|x64.ActiveCfg = Debug|x64
		{EA9CDD47-3F0C-4ED6-B491-9A87367B13A2}.Debug|x64.Build.0 = Debug|x64
		{EA9CDD47-3F0C-4ED6-B491-9A87367B13A2}.Debug|x86.ActiveCfg = Debug|Win32
		{EA9CDD47-3F0C-4ED6-B491-9A87367B13A2}.Debug|x86.Build.0 = Debug|Win32
		{EA9CDD47-3F0C-4ED6-B491-9A87367B13A2}.Release|x64.ActiveCfg = Release|x64
		{EA9CDD47-3F0C-4ED6-B491-9A87367B13A2}.Release|x64.Build.0 = Release|x64
		{EA9CDD47-3F0C-4ED6-B491-9A87367B13A2}.Release|x86.ActiveCfg = Release|Win32
		{EA9CDD47-3F0C-4ED6-B491-9A87367B13A2}.Release|x86.Build.0 = Release|Win32
		{B9A5A80B-8FF4-4F6C-9B39-BA81548BBFDF}.Debug|x64.ActiveCfg = Debug|x64
		{B9A5A80B-8FF4-4F6C-9B39-BA81548BBFDF}.Debug|x64.Build.0 = Debug|x64
		{B9A5A80B-8FF4-4F6C-9B39-BA81548BBFDF}.Debug|x86.ActiveCfg = Debug|Win32
		{B9A5A80B-8FF4-4F6C-9B39-BA81548BBFDF}.Debug|x86.Build.0 = Debug|Win32
		{B9A5A80B-8FF4-4F6C-9B39-BA81548BBFDF}.Release|x64.ActiveCfg = Release|x64
		{B9A5A80B-8FF4-4F6C-9B39-BA81548BBFDF}.Release|x64.Build.0 = Release|x64
		{B9A5A80B-8FF4-4F6C-9B39-BA81548BBFDF}.Release|x86.ActiveCfg = Release|Win32
		{B9A5A80B-8FF4-4F6C-9B39-BA81548BBFDF}.Release|x86.Build.0 = Release|Win32
		{76EB6FF9-B5BD-41F4-8A8F-4AC5507A92E1}.Debug|x64.ActiveCfg = Debug|x64
		{76EB6FF9-B5BD-41F4-8A8F-4AC5507A92E1}.Debug|x64.Build.0 = Debug|x64
		{76EB6FF9-B5BD-41F4-8A8F-4AC5507A92E1}.Debug|x86.ActiveCfg = Debug|Win32
		{76EB6FF9-B5BD-41F4-8A8F-4AC5507A92E1}.Debug|x86.Build.0 = Debug|Win32
		{76EB6FF9-B5BD-41F4-8A8F-4AC5507A92E1}.Release|x64.ActiveCfg = Release|x64
		{76EB6FF9-B5BD-41F4-8A8F-4AC5507A92E1}.Release|x64.Build.0 = Release|x64
		{76EB6FF9-B5BD-41F4-8A8F-4AC5507A92E1}.Release|x86.ActiveCfg = Release|Win32
		{76EB6FF9-B5BD-41F4-8A8F-4AC5507A92E1}.Release|x86.Build.0 = Release|Win32
		{05626DE4-6A68-4BF3-A1DB-0DCAB7959AB3}.Debug|x64.ActiveCfg = Debug|x64
		{05626DE4-6A68-4BF3-A1DB-0DCAB7959AB3}.Debug|x64.Build.0 = Debug|x64
		{05626DE4-6A68-4BF3-A1DB-0DCAB7959AB3}.Debug|x86.ActiveCfg = Debug|Win32
		{05626DE4-6A68-4BF3-A1DB-0DCAB7959AB3}.Debug|x86.Build.0 = Debug|Win32
		{05626DE4-6A68-4BF3-A1DB-0DCAB7959AB3}.Release|x64.ActiveCfg = Release|x64
		{05626DE4-6A68-4BF3-A1DB-0DCAB7959AB3}.Release|x64.Build.0 = Release|x64
		{05626DE4-6A68-4BF3-A1DB-0DCAB7959AB3}.Release|x86.ActiveCfg = Release|Win32
		{05626DE4-6A68-4BF3-A1DB-0DCAB7959AB3}.Release|x86.Build.0 = Release|Win32
		{7DB68171-E711-44EB-A5A8-E39691E56F37}.Debug|x64.ActiveCfg = Debug|x64
		{7DB68171-E711-44EB-A5A8-E39691E56F37}.Debug|x64.Build.0 = Debug|x64
		{7DB68171-E711-44EB-A5A8-E39691E56F37}.Debug|x86.ActiveCfg = Debug|Win32
		{7DB68171-E711-44EB-A5A8-E39691E56F37}.Debug|x86.Build.0 = Debug|Win32
		{7DB68171-E711-44EB-A5A8-E39691E56F37}.Release|x64.ActiveCfg = Release|x64
		{7DB68171-E711-44EB-A5A8-E39691E56F37}.Release|x64.Build.0 = Release|x64
		{7DB68171-E711-44EB-A5A8-E39691E56F37}.Release|x86.ActiveCfg = Release|Win32
		{7DB68171-E711-44EB-A5A8-E39691E56F37}.Release|x86.Build.0 = Release|Win32
	EndGlobalSection
	GlobalSection(SolutionProperties) = preSolution
		HideSolutionNode = FALSE
	EndGlobalSection
	GlobalSection(ExtensibilityGlobals) = postSolution
		SolutionGuid = {8BF70481-2788-4252-950D-E9F4085EA9C0}
	EndGlobalSection
EndGlobal
