
Microsoft Visual Studio Solution File, Format Version 12.00
# Visual Studio Version 16
VisualStudioVersion = 16.0.30104.148
MinimumVisualStudioVersion = 10.0.40219.1
Project("{8BC9CEB8-8B4A-11D0-8D11-00A0C91BC942}") = "Chapter5", "Chapter5.vcxproj", "{F7415AEC-F072-4E08-B5EE-9E5DF7E92340}"
EndProject
Project("{8BC9CEB8-8B4A-11D0-8D11-00A0C91BC942}") = "Sec1Exa1DigitalBlackHole", "Sec1Exa1DigitalBlackHole\Sec1Exa1DigitalBlackHole.vcxproj", "{D8566751-017C-42DA-AD9B-D436B2F14484}"
EndProject
Project("{8BC9CEB8-8B4A-11D0-8D11-00A0C91BC942}") = "Sec2Exa1GreatestCommonDivisor", "Sec2Exa1GreatestCommonDivisor\Sec2Exa1GreatestCommonDivisor.vcxproj", "{C31E83F3-1DC7-45DE-A518-31081E1217E8}"
EndProject
Project("{8BC9CEB8-8B4A-11D0-8D11-00A0C91BC942}") = "Sec4Exa1NumberOfPrimes", "Sec4Exa1NumberOfPrimes\Sec4Exa1NumberOfPrimes.vcxproj", "{C84EEB1C-74E9-4424-A422-00D02CE42CAB}"
EndProject
Project("{8BC9CEB8-8B4A-11D0-8D11-00A0C91BC942}") = "Sec5Exa1PrimeFactors", "Sec5Exa1PrimeFactors\Sec5Exa1PrimeFactors.vcxproj", "{41207AE8-DD7B-4A8E-B3A8-7E1A33A44972}"
EndProject
Global
	GlobalSection(SolutionConfigurationPlatforms) = preSolution
		Debug|x64 = Debug|x64
		Debug|x86 = Debug|x86
		Release|x64 = Release|x64
		Release|x86 = Release|x86
	EndGlobalSection
	GlobalSection(ProjectConfigurationPlatforms) = postSolution
		{F7415AEC-F072-4E08-B5EE-9E5DF7E92340}.Debug|x64.ActiveCfg = Debug|x64
		{F7415AEC-F072-4E08-B5EE-9E5DF7E92340}.Debug|x64.Build.0 = Debug|x64
		{F7415AEC-F072-4E08-B5EE-9E5DF7E92340}.Debug|x86.ActiveCfg = Debug|Win32
		{F7415AEC-F072-4E08-B5EE-9E5DF7E92340}.Debug|x86.Build.0 = Debug|Win32
		{F7415AEC-F072-4E08-B5EE-9E5DF7E92340}.Release|x64.ActiveCfg = Release|x64
		{F7415AEC-F072-4E08-B5EE-9E5DF7E92340}.Release|x64.Build.0 = Release|x64
		{F7415AEC-F072-4E08-B5EE-9E5DF7E92340}.Release|x86.ActiveCfg = Release|Win32
		{F7415AEC-F072-4E08-B5EE-9E5DF7E92340}.Release|x86.Build.0 = Release|Win32
		{D8566751-017C-42DA-AD9B-D436B2F14484}.Debug|x64.ActiveCfg = Debug|x64
		{D8566751-017C-42DA-AD9B-D436B2F14484}.Debug|x64.Build.0 = Debug|x64
		{D8566751-017C-42DA-AD9B-D436B2F14484}.Debug|x86.ActiveCfg = Debug|Win32
		{D8566751-017C-42DA-AD9B-D436B2F14484}.Debug|x86.Build.0 = Debug|Win32
		{D8566751-017C-42DA-AD9B-D436B2F14484}.Release|x64.ActiveCfg = Release|x64
		{D8566751-017C-42DA-AD9B-D436B2F14484}.Release|x64.Build.0 = Release|x64
		{D8566751-017C-42DA-AD9B-D436B2F14484}.Release|x86.ActiveCfg = Release|Win32
		{D8566751-017C-42DA-AD9B-D436B2F14484}.Release|x86.Build.0 = Release|Win32
		{C31E83F3-1DC7-45DE-A518-31081E1217E8}.Debug|x64.ActiveCfg = Debug|x64
		{C31E83F3-1DC7-45DE-A518-31081E1217E8}.Debug|x64.Build.0 = Debug|x64
		{C31E83F3-1DC7-45DE-A518-31081E1217E8}.Debug|x86.ActiveCfg = Debug|Win32
		{C31E83F3-1DC7-45DE-A518-31081E1217E8}.Debug|x86.Build.0 = Debug|Win32
		{C31E83F3-1DC7-45DE-A518-31081E1217E8}.Release|x64.ActiveCfg = Release|x64
		{C31E83F3-1DC7-45DE-A518-31081E1217E8}.Release|x64.Build.0 = Release|x64
		{C31E83F3-1DC7-45DE-A518-31081E1217E8}.Release|x86.ActiveCfg = Release|Win32
		{C31E83F3-1DC7-45DE-A518-31081E1217E8}.Release|x86.Build.0 = Release|Win32
		{C84EEB1C-74E9-4424-A422-00D02CE42CAB}.Debug|x64.ActiveCfg = Debug|x64
		{C84EEB1C-74E9-4424-A422-00D02CE42CAB}.Debug|x64.Build.0 = Debug|x64
		{C84EEB1C-74E9-4424-A422-00D02CE42CAB}.Debug|x86.ActiveCfg = Debug|Win32
		{C84EEB1C-74E9-4424-A422-00D02CE42CAB}.Debug|x86.Build.0 = Debug|Win32
		{C84EEB1C-74E9-4424-A422-00D02CE42CAB}.Release|x64.ActiveCfg = Release|x64
		{C84EEB1C-74E9-4424-A422-00D02CE42CAB}.Release|x64.Build.0 = Release|x64
		{C84EEB1C-74E9-4424-A422-00D02CE42CAB}.Release|x86.ActiveCfg = Release|Win32
		{C84EEB1C-74E9-4424-A422-00D02CE42CAB}.Release|x86.Build.0 = Release|Win32
		{41207AE8-DD7B-4A8E-B3A8-7E1A33A44972}.Debug|x64.ActiveCfg = Debug|x64
		{41207AE8-DD7B-4A8E-B3A8-7E1A33A44972}.Debug|x64.Build.0 = Debug|x64
		{41207AE8-DD7B-4A8E-B3A8-7E1A33A44972}.Debug|x86.ActiveCfg = Debug|Win32
		{41207AE8-DD7B-4A8E-B3A8-7E1A33A44972}.Debug|x86.Build.0 = Debug|Win32
		{41207AE8-DD7B-4A8E-B3A8-7E1A33A44972}.Release|x64.ActiveCfg = Release|x64
		{41207AE8-DD7B-4A8E-B3A8-7E1A33A44972}.Release|x64.Build.0 = Release|x64
		{41207AE8-DD7B-4A8E-B3A8-7E1A33A44972}.Release|x86.ActiveCfg = Release|Win32
		{41207AE8-DD7B-4A8E-B3A8-7E1A33A44972}.Release|x86.Build.0 = Release|Win32
	EndGlobalSection
	GlobalSection(SolutionProperties) = preSolution
		HideSolutionNode = FALSE
	EndGlobalSection
	GlobalSection(ExtensibilityGlobals) = postSolution
		SolutionGuid = {015AC0B1-A758-494C-A5C2-E734D0500F77}
	EndGlobalSection
EndGlobal
