
Microsoft Visual Studio Solution File, Format Version 12.00
# Visual Studio Version 16
VisualStudioVersion = 16.0.30104.148
MinimumVisualStudioVersion = 10.0.40219.1
Project("{8BC9CEB8-8B4A-11D0-8D11-00A0C91BC942}") = "Chapter7Exe", "Chapter7Exe.vcxproj", "{3C6D9948-002E-4391-AF8D-B7AD59E116D9}"
EndProject
Project("{8BC9CEB8-8B4A-11D0-8D11-00A0C91BC942}") = "Sec1Exe1PopSequence", "Sec1Exe1PopSequence\Sec1Exe1PopSequence.vcxproj", "{B02A6D75-DF29-4925-AAE1-253410CF5FC1}"
EndProject
Project("{8BC9CEB8-8B4A-11D0-8D11-00A0C91BC942}") = "Sec2Exe1MiceAndRice", "Sec2Exe1MiceAndRice\Sec2Exe1MiceAndRice.vcxproj", "{B85C664A-0577-4678-A763-88239E5EEF40}"
EndProject
Project("{8BC9CEB8-8B4A-11D0-8D11-00A0C91BC942}") = "Sec3Exe1ReverseList", "Sec3Exe1ReverseList\Sec3Exe1ReverseList.vcxproj", "{F2F7D175-D287-4FD9-BBDD-57C2238DAC9E}"
EndProject
Project("{8BC9CEB8-8B4A-11D0-8D11-00A0C91BC942}") = "Sec3Exe2Sharing", "Sec3Exe2Sharing\Sec3Exe2Sharing.vcxproj", "{784683AE-097A-4006-B972-B01C1D83E157}"
EndProject
Project("{8BC9CEB8-8B4A-11D0-8D11-00A0C91BC942}") = "Sec3Exe3LinkedListSorting", "Sec3Exe3LinkedListSorting\Sec3Exe3LinkedListSorting.vcxproj", "{03D4C8B3-3F16-4AB8-A643-78D2656C6B4C}"
EndProject
Project("{8BC9CEB8-8B4A-11D0-8D11-00A0C91BC942}") = "Sec3Exe4DeduplicationOnALinkedList", "Sec3Exe4DeduplicationOnALinkedList\Sec3Exe4DeduplicationOnALinkedList.vcxproj", "{90CD1785-FDC7-4608-84F6-D12CE35451DD}"
EndProject
Global
	GlobalSection(SolutionConfigurationPlatforms) = preSolution
		Debug|x64 = Debug|x64
		Debug|x86 = Debug|x86
		Release|x64 = Release|x64
		Release|x86 = Release|x86
	EndGlobalSection
	GlobalSection(ProjectConfigurationPlatforms) = postSolution
		{3C6D9948-002E-4391-AF8D-B7AD59E116D9}.Debug|x64.ActiveCfg = Debug|x64
		{3C6D9948-002E-4391-AF8D-B7AD59E116D9}.Debug|x64.Build.0 = Debug|x64
		{3C6D9948-002E-4391-AF8D-B7AD59E116D9}.Debug|x86.ActiveCfg = Debug|Win32
		{3C6D9948-002E-4391-AF8D-B7AD59E116D9}.Debug|x86.Build.0 = Debug|Win32
		{3C6D9948-002E-4391-AF8D-B7AD59E116D9}.Release|x64.ActiveCfg = Release|x64
		{3C6D9948-002E-4391-AF8D-B7AD59E116D9}.Release|x64.Build.0 = Release|x64
		{3C6D9948-002E-4391-AF8D-B7AD59E116D9}.Release|x86.ActiveCfg = Release|Win32
		{3C6D9948-002E-4391-AF8D-B7AD59E116D9}.Release|x86.Build.0 = Release|Win32
		{B02A6D75-DF29-4925-AAE1-253410CF5FC1}.Debug|x64.ActiveCfg = Debug|x64
		{B02A6D75-DF29-4925-AAE1-253410CF5FC1}.Debug|x64.Build.0 = Debug|x64
		{B02A6D75-DF29-4925-AAE1-253410CF5FC1}.Debug|x86.ActiveCfg = Debug|Win32
		{B02A6D75-DF29-4925-AAE1-253410CF5FC1}.Debug|x86.Build.0 = Debug|Win32
		{B02A6D75-DF29-4925-AAE1-253410CF5FC1}.Release|x64.ActiveCfg = Release|x64
		{B02A6D75-DF29-4925-AAE1-253410CF5FC1}.Release|x64.Build.0 = Release|x64
		{B02A6D75-DF29-4925-AAE1-253410CF5FC1}.Release|x86.ActiveCfg = Release|Win32
		{B02A6D75-DF29-4925-AAE1-253410CF5FC1}.Release|x86.Build.0 = Release|Win32
		{B85C664A-0577-4678-A763-88239E5EEF40}.Debug|x64.ActiveCfg = Debug|x64
		{B85C664A-0577-4678-A763-88239E5EEF40}.Debug|x64.Build.0 = Debug|x64
		{B85C664A-0577-4678-A763-88239E5EEF40}.Debug|x86.ActiveCfg = Debug|Win32
		{B85C664A-0577-4678-A763-88239E5EEF40}.Debug|x86.Build.0 = Debug|Win32
		{B85C664A-0577-4678-A763-88239E5EEF40}.Release|x64.ActiveCfg = Release|x64
		{B85C664A-0577-4678-A763-88239E5EEF40}.Release|x64.Build.0 = Release|x64
		{B85C664A-0577-4678-A763-88239E5EEF40}.Release|x86.ActiveCfg = Release|Win32
		{B85C664A-0577-4678-A763-88239E5EEF40}.Release|x86.Build.0 = Release|Win32
		{F2F7D175-D287-4FD9-BBDD-57C2238DAC9E}.Debug|x64.ActiveCfg = Debug|x64
		{F2F7D175-D287-4FD9-BBDD-57C2238DAC9E}.Debug|x64.Build.0 = Debug|x64
		{F2F7D175-D287-4FD9-BBDD-57C2238DAC9E}.Debug|x86.ActiveCfg = Debug|Win32
		{F2F7D175-D287-4FD9-BBDD-57C2238DAC9E}.Debug|x86.Build.0 = Debug|Win32
		{F2F7D175-D287-4FD9-BBDD-57C2238DAC9E}.Release|x64.ActiveCfg = Release|x64
		{F2F7D175-D287-4FD9-BBDD-57C2238DAC9E}.Release|x64.Build.0 = Release|x64
		{F2F7D175-D287-4FD9-BBDD-57C2238DAC9E}.Release|x86.ActiveCfg = Release|Win32
		{F2F7D175-D287-4FD9-BBDD-57C2238DAC9E}.Release|x86.Build.0 = Release|Win32
		{784683AE-097A-4006-B972-B01C1D83E157}.Debug|x64.ActiveCfg = Debug|x64
		{784683AE-097A-4006-B972-B01C1D83E157}.Debug|x64.Build.0 = Debug|x64
		{784683AE-097A-4006-B972-B01C1D83E157}.Debug|x86.ActiveCfg = Debug|Win32
		{784683AE-097A-4006-B972-B01C1D83E157}.Debug|x86.Build.0 = Debug|Win32
		{784683AE-097A-4006-B972-B01C1D83E157}.Release|x64.ActiveCfg = Release|x64
		{784683AE-097A-4006-B972-B01C1D83E157}.Release|x64.Build.0 = Release|x64
		{784683AE-097A-4006-B972-B01C1D83E157}.Release|x86.ActiveCfg = Release|Win32
		{784683AE-097A-4006-B972-B01C1D83E157}.Release|x86.Build.0 = Release|Win32
		{03D4C8B3-3F16-4AB8-A643-78D2656C6B4C}.Debug|x64.ActiveCfg = Debug|x64
		{03D4C8B3-3F16-4AB8-A643-78D2656C6B4C}.Debug|x64.Build.0 = Debug|x64
		{03D4C8B3-3F16-4AB8-A643-78D2656C6B4C}.Debug|x86.ActiveCfg = Debug|Win32
		{03D4C8B3-3F16-4AB8-A643-78D2656C6B4C}.Debug|x86.Build.0 = Debug|Win32
		{03D4C8B3-3F16-4AB8-A643-78D2656C6B4C}.Release|x64.ActiveCfg = Release|x64
		{03D4C8B3-3F16-4AB8-A643-78D2656C6B4C}.Release|x64.Build.0 = Release|x64
		{03D4C8B3-3F16-4AB8-A643-78D2656C6B4C}.Release|x86.ActiveCfg = Release|Win32
		{03D4C8B3-3F16-4AB8-A643-78D2656C6B4C}.Release|x86.Build.0 = Release|Win32
		{90CD1785-FDC7-4608-84F6-D12CE35451DD}.Debug|x64.ActiveCfg = Debug|x64
		{90CD1785-FDC7-4608-84F6-D12CE35451DD}.Debug|x64.Build.0 = Debug|x64
		{90CD1785-FDC7-4608-84F6-D12CE35451DD}.Debug|x86.ActiveCfg = Debug|Win32
		{90CD1785-FDC7-4608-84F6-D12CE35451DD}.Debug|x86.Build.0 = Debug|Win32
		{90CD1785-FDC7-4608-84F6-D12CE35451DD}.Release|x64.ActiveCfg = Release|x64
		{90CD1785-FDC7-4608-84F6-D12CE35451DD}.Release|x64.Build.0 = Release|x64
		{90CD1785-FDC7-4608-84F6-D12CE35451DD}.Release|x86.ActiveCfg = Release|Win32
		{90CD1785-FDC7-4608-84F6-D12CE35451DD}.Release|x86.Build.0 = Release|Win32
	EndGlobalSection
	GlobalSection(SolutionProperties) = preSolution
		HideSolutionNode = FALSE
	EndGlobalSection
	GlobalSection(ExtensibilityGlobals) = postSolution
		SolutionGuid = {63424E64-C168-48C6-932D-F4330CC9E06A}
	EndGlobalSection
EndGlobal
