
Microsoft Visual Studio Solution File, Format Version 12.00
# Visual Studio Version 16
VisualStudioVersion = 16.0.31624.102
MinimumVisualStudioVersion = 10.0.40219.1
Project("{8BC9CEB8-8B4A-11D0-8D11-00A0C91BC942}") = "Chapter11", "Chapter11.vcxproj", "{8C7A2E41-9F56-445C-93CA-B369060FFE95}"
EndProject
Project("{8BC9CEB8-8B4A-11D0-8D11-00A0C91BC942}") = "Sec2Exe1MaximumContinuousSubsequenceSum", "Sec2Exe1MaximumContinuousSubsequenceSum\Sec2Exe1MaximumContinuousSubsequenceSum.vcxproj", "{3F1F0BA0-53E7-4E97-A4EE-0B599F369ACB}"
EndProject
Project("{8BC9CEB8-8B4A-11D0-8D11-00A0C91BC942}") = "Sec3Exe1LongestIncreasingSequence", "Sec3Exe1LongestIncreasingSequence\Sec3Exe1LongestIncreasingSequence.vcxproj", "{8CA22F71-D018-46B1-9AB7-12F32B953C08}"
EndProject
Project("{8BC9CEB8-8B4A-11D0-8D11-00A0C91BC942}") = "Sec4Exe1LongestCommonSubsequence", "Sec4Exe1LongestCommonSubsequence\Sec4Exe1LongestCommonSubsequence.vcxproj", "{DB0952FF-75A9-4025-9D52-BFA1C1A0D298}"
EndProject
Global
	GlobalSection(SolutionConfigurationPlatforms) = preSolution
		Debug|x64 = Debug|x64
		Debug|x86 = Debug|x86
		Release|x64 = Release|x64
		Release|x86 = Release|x86
	EndGlobalSection
	GlobalSection(ProjectConfigurationPlatforms) = postSolution
		{8C7A2E41-9F56-445C-93CA-B369060FFE95}.Debug|x64.ActiveCfg = Debug|x64
		{8C7A2E41-9F56-445C-93CA-B369060FFE95}.Debug|x64.Build.0 = Debug|x64
		{8C7A2E41-9F56-445C-93CA-B369060FFE95}.Debug|x86.ActiveCfg = Debug|Win32
		{8C7A2E41-9F56-445C-93CA-B369060FFE95}.Debug|x86.Build.0 = Debug|Win32
		{8C7A2E41-9F56-445C-93CA-B369060FFE95}.Release|x64.ActiveCfg = Release|x64
		{8C7A2E41-9F56-445C-93CA-B369060FFE95}.Release|x64.Build.0 = Release|x64
		{8C7A2E41-9F56-445C-93CA-B369060FFE95}.Release|x86.ActiveCfg = Release|Win32
		{8C7A2E41-9F56-445C-93CA-B369060FFE95}.Release|x86.Build.0 = Release|Win32
		{3F1F0BA0-53E7-4E97-A4EE-0B599F369ACB}.Debug|x64.ActiveCfg = Debug|x64
		{3F1F0BA0-53E7-4E97-A4EE-0B599F369ACB}.Debug|x64.Build.0 = Debug|x64
		{3F1F0BA0-53E7-4E97-A4EE-0B599F369ACB}.Debug|x86.ActiveCfg = Debug|Win32
		{3F1F0BA0-53E7-4E97-A4EE-0B599F369ACB}.Debug|x86.Build.0 = Debug|Win32
		{3F1F0BA0-53E7-4E97-A4EE-0B599F369ACB}.Release|x64.ActiveCfg = Release|x64
		{3F1F0BA0-53E7-4E97-A4EE-0B599F369ACB}.Release|x64.Build.0 = Release|x64
		{3F1F0BA0-53E7-4E97-A4EE-0B599F369ACB}.Release|x86.ActiveCfg = Release|Win32
		{3F1F0BA0-53E7-4E97-A4EE-0B599F369ACB}.Release|x86.Build.0 = Release|Win32
		{8CA22F71-D018-46B1-9AB7-12F32B953C08}.Debug|x64.ActiveCfg = Debug|x64
		{8CA22F71-D018-46B1-9AB7-12F32B953C08}.Debug|x64.Build.0 = Debug|x64
		{8CA22F71-D018-46B1-9AB7-12F32B953C08}.Debug|x86.ActiveCfg = Debug|Win32
		{8CA22F71-D018-46B1-9AB7-12F32B953C08}.Debug|x86.Build.0 = Debug|Win32
		{8CA22F71-D018-46B1-9AB7-12F32B953C08}.Release|x64.ActiveCfg = Release|x64
		{8CA22F71-D018-46B1-9AB7-12F32B953C08}.Release|x64.Build.0 = Release|x64
		{8CA22F71-D018-46B1-9AB7-12F32B953C08}.Release|x86.ActiveCfg = Release|Win32
		{8CA22F71-D018-46B1-9AB7-12F32B953C08}.Release|x86.Build.0 = Release|Win32
		{DB0952FF-75A9-4025-9D52-BFA1C1A0D298}.Debug|x64.ActiveCfg = Debug|x64
		{DB0952FF-75A9-4025-9D52-BFA1C1A0D298}.Debug|x64.Build.0 = Debug|x64
		{DB0952FF-75A9-4025-9D52-BFA1C1A0D298}.Debug|x86.ActiveCfg = Debug|Win32
		{DB0952FF-75A9-4025-9D52-BFA1C1A0D298}.Debug|x86.Build.0 = Debug|Win32
		{DB0952FF-75A9-4025-9D52-BFA1C1A0D298}.Release|x64.ActiveCfg = Release|x64
		{DB0952FF-75A9-4025-9D52-BFA1C1A0D298}.Release|x64.Build.0 = Release|x64
		{DB0952FF-75A9-4025-9D52-BFA1C1A0D298}.Release|x86.ActiveCfg = Release|Win32
		{DB0952FF-75A9-4025-9D52-BFA1C1A0D298}.Release|x86.Build.0 = Release|Win32
	EndGlobalSection
	GlobalSection(SolutionProperties) = preSolution
		HideSolutionNode = FALSE
	EndGlobalSection
	GlobalSection(ExtensibilityGlobals) = postSolution
		SolutionGuid = {0A104523-25CB-4667-A175-9399A67A02D4}
	EndGlobalSection
EndGlobal
