
Microsoft Visual Studio Solution File, Format Version 12.00
# Visual Studio Version 16
VisualStudioVersion = 16.0.30104.148
MinimumVisualStudioVersion = 10.0.40219.1
Project("{8BC9CEB8-8B4A-11D0-8D11-00A0C91BC942}") = "Chapter3", "Chapter3.vcxproj", "{96F4E55B-BC47-4239-A8C2-C6742B63D08A}"
EndProject
Project("{8BC9CEB8-8B4A-11D0-8D11-00A0C91BC942}") = "Sec1Example1B1001", "Sec1Example1B1001\Sec1Example1B1001.vcxproj", "{F4F490DF-8280-4DAA-A1A2-B2A0F63F3496}"
EndProject
Project("{8BC9CEB8-8B4A-11D0-8D11-00A0C91BC942}") = "Sec1Example2B1032", "Sec1Example2B1032\Sec1Example2B1032.vcxproj", "{FE0B15A1-2ECE-4F84-BD14-D52E84FF3CED}"
EndProject
Project("{8BC9CEB8-8B4A-11D0-8D11-00A0C91BC942}") = "Sec2Example11934", "Sec2Example11934\Sec2Example11934.vcxproj", "{6137699F-4F33-4F17-8B9D-F1754E88757B}"
EndProject
Global
	GlobalSection(SolutionConfigurationPlatforms) = preSolution
		Debug|x64 = Debug|x64
		Debug|x86 = Debug|x86
		Release|x64 = Release|x64
		Release|x86 = Release|x86
	EndGlobalSection
	GlobalSection(ProjectConfigurationPlatforms) = postSolution
		{96F4E55B-BC47-4239-A8C2-C6742B63D08A}.Debug|x64.ActiveCfg = Debug|x64
		{96F4E55B-BC47-4239-A8C2-C6742B63D08A}.Debug|x64.Build.0 = Debug|x64
		{96F4E55B-BC47-4239-A8C2-C6742B63D08A}.Debug|x86.ActiveCfg = Debug|Win32
		{96F4E55B-BC47-4239-A8C2-C6742B63D08A}.Debug|x86.Build.0 = Debug|Win32
		{96F4E55B-BC47-4239-A8C2-C6742B63D08A}.Release|x64.ActiveCfg = Release|x64
		{96F4E55B-BC47-4239-A8C2-C6742B63D08A}.Release|x64.Build.0 = Release|x64
		{96F4E55B-BC47-4239-A8C2-C6742B63D08A}.Release|x86.ActiveCfg = Release|Win32
		{96F4E55B-BC47-4239-A8C2-C6742B63D08A}.Release|x86.Build.0 = Release|Win32
		{F4F490DF-8280-4DAA-A1A2-B2A0F63F3496}.Debug|x64.ActiveCfg = Debug|x64
		{F4F490DF-8280-4DAA-A1A2-B2A0F63F3496}.Debug|x64.Build.0 = Debug|x64
		{F4F490DF-8280-4DAA-A1A2-B2A0F63F3496}.Debug|x86.ActiveCfg = Debug|Win32
		{F4F490DF-8280-4DAA-A1A2-B2A0F63F3496}.Debug|x86.Build.0 = Debug|Win32
		{F4F490DF-8280-4DAA-A1A2-B2A0F63F3496}.Release|x64.ActiveCfg = Release|x64
		{F4F490DF-8280-4DAA-A1A2-B2A0F63F3496}.Release|x64.Build.0 = Release|x64
		{F4F490DF-8280-4DAA-A1A2-B2A0F63F3496}.Release|x86.ActiveCfg = Release|Win32
		{F4F490DF-8280-4DAA-A1A2-B2A0F63F3496}.Release|x86.Build.0 = Release|Win32
		{FE0B15A1-2ECE-4F84-BD14-D52E84FF3CED}.Debug|x64.ActiveCfg = Debug|x64
		{FE0B15A1-2ECE-4F84-BD14-D52E84FF3CED}.Debug|x64.Build.0 = Debug|x64
		{FE0B15A1-2ECE-4F84-BD14-D52E84FF3CED}.Debug|x86.ActiveCfg = Debug|Win32
		{FE0B15A1-2ECE-4F84-BD14-D52E84FF3CED}.Debug|x86.Build.0 = Debug|Win32
		{FE0B15A1-2ECE-4F84-BD14-D52E84FF3CED}.Release|x64.ActiveCfg = Release|x64
		{FE0B15A1-2ECE-4F84-BD14-D52E84FF3CED}.Release|x64.Build.0 = Release|x64
		{FE0B15A1-2ECE-4F84-BD14-D52E84FF3CED}.Release|x86.ActiveCfg = Release|Win32
		{FE0B15A1-2ECE-4F84-BD14-D52E84FF3CED}.Release|x86.Build.0 = Release|Win32
		{6137699F-4F33-4F17-8B9D-F1754E88757B}.Debug|x64.ActiveCfg = Debug|x64
		{6137699F-4F33-4F17-8B9D-F1754E88757B}.Debug|x64.Build.0 = Debug|x64
		{6137699F-4F33-4F17-8B9D-F1754E88757B}.Debug|x86.ActiveCfg = Debug|Win32
		{6137699F-4F33-4F17-8B9D-F1754E88757B}.Debug|x86.Build.0 = Debug|Win32
		{6137699F-4F33-4F17-8B9D-F1754E88757B}.Release|x64.ActiveCfg = Release|x64
		{6137699F-4F33-4F17-8B9D-F1754E88757B}.Release|x64.Build.0 = Release|x64
		{6137699F-4F33-4F17-8B9D-F1754E88757B}.Release|x86.ActiveCfg = Release|Win32
		{6137699F-4F33-4F17-8B9D-F1754E88757B}.Release|x86.Build.0 = Release|Win32
	EndGlobalSection
	GlobalSection(SolutionProperties) = preSolution
		HideSolutionNode = FALSE
	EndGlobalSection
	GlobalSection(ExtensibilityGlobals) = postSolution
		SolutionGuid = {8F1F975D-4C34-4258-836C-7464BA9E8F98}
	EndGlobalSection
EndGlobal
